
Microsoft Visual Studio Solution File, Format Version 12.00
# Visual Studio Version 17
VisualStudioVersion = 17.3.32804.467
MinimumVisualStudioVersion = 10.0.40219.1
Project("{FAE04EC0-301F-11D3-BF4B-00C04F79EFBC}") = "Merkkien testausta", "Merkkien testausta\Merkkien testausta.csproj", "{0E88B69E-6D3B-4447-82EE-3252280CD33D}"
EndProject
Global
	GlobalSection(SolutionConfigurationPlatforms) = preSolution
		Debug|Any CPU = Debug|Any CPU
		Release|Any CPU = Release|Any CPU
	EndGlobalSection
	GlobalSection(ProjectConfigurationPlatforms) = postSolution
		{0E88B69E-6D3B-4447-82EE-3252280CD33D}.Debug|Any CPU.ActiveCfg = Debug|Any CPU
		{0E88B69E-6D3B-4447-82EE-3252280CD33D}.Debug|Any CPU.Build.0 = Debug|Any CPU
		{0E88B69E-6D3B-4447-82EE-3252280CD33D}.Release|Any CPU.ActiveCfg = Release|Any CPU
		{0E88B69E-6D3B-4447-82EE-3252280CD33D}.Release|Any CPU.Build.0 = Release|Any CPU
	EndGlobalSection
	GlobalSection(SolutionProperties) = preSolution
		HideSolutionNode = FALSE
	EndGlobalSection
	GlobalSection(ExtensibilityGlobals) = postSolution
		SolutionGuid = {33E584A2-336A-49CE-8AD7-C6593D69C086}
	EndGlobalSection
EndGlobal
