
Microsoft Visual Studio Solution File, Format Version 12.00
# Visual Studio Version 17
VisualStudioVersion = 17.3.32804.467
MinimumVisualStudioVersion = 10.0.40219.1
Project("{FAE04EC0-301F-11D3-BF4B-00C04F79EFBC}") = "Potenssiin korotus", "Potenssiin korotus\Potenssiin korotus.csproj", "{7C55CBA6-CAED-42EF-A5F3-71433B8BBD10}"
EndProject
Global
	GlobalSection(SolutionConfigurationPlatforms) = preSolution
		Debug|Any CPU = Debug|Any CPU
		Release|Any CPU = Release|Any CPU
	EndGlobalSection
	GlobalSection(ProjectConfigurationPlatforms) = postSolution
		{7C55CBA6-CAED-42EF-A5F3-71433B8BBD10}.Debug|Any CPU.ActiveCfg = Debug|Any CPU
		{7C55CBA6-CAED-42EF-A5F3-71433B8BBD10}.Debug|Any CPU.Build.0 = Debug|Any CPU
		{7C55CBA6-CAED-42EF-A5F3-71433B8BBD10}.Release|Any CPU.ActiveCfg = Release|Any CPU
		{7C55CBA6-CAED-42EF-A5F3-71433B8BBD10}.Release|Any CPU.Build.0 = Release|Any CPU
	EndGlobalSection
	GlobalSection(SolutionProperties) = preSolution
		HideSolutionNode = FALSE
	EndGlobalSection
	GlobalSection(ExtensibilityGlobals) = postSolution
		SolutionGuid = {178F044F-1088-4732-A91C-38303649E73E}
	EndGlobalSection
EndGlobal
