
Microsoft Visual Studio Solution File, Format Version 12.00
# Visual Studio Version 17
VisualStudioVersion = 17.3.32804.467
MinimumVisualStudioVersion = 10.0.40219.1
Project("{FAE04EC0-301F-11D3-BF4B-00C04F79EFBC}") = "Yhteenlasku", "Yhteenlasku\Yhteenlasku.csproj", "{29610CDE-3DCA-4A19-8AA7-9BF1A1D3F2CA}"
EndProject
Global
	GlobalSection(SolutionConfigurationPlatforms) = preSolution
		Debug|Any CPU = Debug|Any CPU
		Release|Any CPU = Release|Any CPU
	EndGlobalSection
	GlobalSection(ProjectConfigurationPlatforms) = postSolution
		{29610CDE-3DCA-4A19-8AA7-9BF1A1D3F2CA}.Debug|Any CPU.ActiveCfg = Debug|Any CPU
		{29610CDE-3DCA-4A19-8AA7-9BF1A1D3F2CA}.Debug|Any CPU.Build.0 = Debug|Any CPU
		{29610CDE-3DCA-4A19-8AA7-9BF1A1D3F2CA}.Release|Any CPU.ActiveCfg = Release|Any CPU
		{29610CDE-3DCA-4A19-8AA7-9BF1A1D3F2CA}.Release|Any CPU.Build.0 = Release|Any CPU
	EndGlobalSection
	GlobalSection(SolutionProperties) = preSolution
		HideSolutionNode = FALSE
	EndGlobalSection
	GlobalSection(ExtensibilityGlobals) = postSolution
		SolutionGuid = {33162C6E-61E1-4C0A-947C-B69607551342}
	EndGlobalSection
EndGlobal
