
Microsoft Visual Studio Solution File, Format Version 12.00
# Visual Studio Version 17
VisualStudioVersion = 17.3.32804.467
MinimumVisualStudioVersion = 10.0.40219.1
Project("{FAE04EC0-301F-11D3-BF4B-00C04F79EFBC}") = "LukujenTulostus", "LukujenTulostus\LukujenTulostus.csproj", "{4439D10C-53CC-48F3-A3B7-A255B4784F53}"
EndProject
Global
	GlobalSection(SolutionConfigurationPlatforms) = preSolution
		Debug|Any CPU = Debug|Any CPU
		Release|Any CPU = Release|Any CPU
	EndGlobalSection
	GlobalSection(ProjectConfigurationPlatforms) = postSolution
		{4439D10C-53CC-48F3-A3B7-A255B4784F53}.Debug|Any CPU.ActiveCfg = Debug|Any CPU
		{4439D10C-53CC-48F3-A3B7-A255B4784F53}.Debug|Any CPU.Build.0 = Debug|Any CPU
		{4439D10C-53CC-48F3-A3B7-A255B4784F53}.Release|Any CPU.ActiveCfg = Release|Any CPU
		{4439D10C-53CC-48F3-A3B7-A255B4784F53}.Release|Any CPU.Build.0 = Release|Any CPU
	EndGlobalSection
	GlobalSection(SolutionProperties) = preSolution
		HideSolutionNode = FALSE
	EndGlobalSection
	GlobalSection(ExtensibilityGlobals) = postSolution
		SolutionGuid = {2813B5B8-4E85-4AA7-991A-093E6B122198}
	EndGlobalSection
EndGlobal
