
Microsoft Visual Studio Solution File, Format Version 12.00
# Visual Studio Version 17
VisualStudioVersion = 17.3.32804.467
MinimumVisualStudioVersion = 10.0.40219.1
Project("{FAE04EC0-301F-11D3-BF4B-00C04F79EFBC}") = "Valikko", "Valikko\Valikko.csproj", "{D9617F0C-103F-4B94-A300-90834D25C9A7}"
EndProject
Global
	GlobalSection(SolutionConfigurationPlatforms) = preSolution
		Debug|Any CPU = Debug|Any CPU
		Release|Any CPU = Release|Any CPU
	EndGlobalSection
	GlobalSection(ProjectConfigurationPlatforms) = postSolution
		{D9617F0C-103F-4B94-A300-90834D25C9A7}.Debug|Any CPU.ActiveCfg = Debug|Any CPU
		{D9617F0C-103F-4B94-A300-90834D25C9A7}.Debug|Any CPU.Build.0 = Debug|Any CPU
		{D9617F0C-103F-4B94-A300-90834D25C9A7}.Release|Any CPU.ActiveCfg = Release|Any CPU
		{D9617F0C-103F-4B94-A300-90834D25C9A7}.Release|Any CPU.Build.0 = Release|Any CPU
	EndGlobalSection
	GlobalSection(SolutionProperties) = preSolution
		HideSolutionNode = FALSE
	EndGlobalSection
	GlobalSection(ExtensibilityGlobals) = postSolution
		SolutionGuid = {232755F1-8E63-495F-AF13-1421B5713EED}
	EndGlobalSection
EndGlobal
