
Microsoft Visual Studio Solution File, Format Version 12.00
# Visual Studio Version 17
VisualStudioVersion = 17.3.32804.467
MinimumVisualStudioVersion = 10.0.40219.1
Project("{FAE04EC0-301F-11D3-BF4B-00C04F79EFBC}") = "ekaKayttis", "ekaKayttis\ekaKayttis.csproj", "{AE636792-C0D4-472D-967C-DC357FD1EFCC}"
EndProject
Global
	GlobalSection(SolutionConfigurationPlatforms) = preSolution
		Debug|Any CPU = Debug|Any CPU
		Release|Any CPU = Release|Any CPU
	EndGlobalSection
	GlobalSection(ProjectConfigurationPlatforms) = postSolution
		{AE636792-C0D4-472D-967C-DC357FD1EFCC}.Debug|Any CPU.ActiveCfg = Debug|Any CPU
		{AE636792-C0D4-472D-967C-DC357FD1EFCC}.Debug|Any CPU.Build.0 = Debug|Any CPU
		{AE636792-C0D4-472D-967C-DC357FD1EFCC}.Release|Any CPU.ActiveCfg = Release|Any CPU
		{AE636792-C0D4-472D-967C-DC357FD1EFCC}.Release|Any CPU.Build.0 = Release|Any CPU
	EndGlobalSection
	GlobalSection(SolutionProperties) = preSolution
		HideSolutionNode = FALSE
	EndGlobalSection
	GlobalSection(ExtensibilityGlobals) = postSolution
		SolutionGuid = {B81BC29F-73E6-4EBC-946D-24CDC87968E2}
	EndGlobalSection
EndGlobal
