
Microsoft Visual Studio Solution File, Format Version 12.00
# Visual Studio Version 17
VisualStudioVersion = 17.3.32804.467
MinimumVisualStudioVersion = 10.0.40219.1
Project("{FAE04EC0-301F-11D3-BF4B-00C04F79EFBC}") = "Ympyra", "Ympyra\Ympyra.csproj", "{465AFAAD-69AF-4571-AC68-8CA8A9DD03EF}"
EndProject
Global
	GlobalSection(SolutionConfigurationPlatforms) = preSolution
		Debug|Any CPU = Debug|Any CPU
		Release|Any CPU = Release|Any CPU
	EndGlobalSection
	GlobalSection(ProjectConfigurationPlatforms) = postSolution
		{465AFAAD-69AF-4571-AC68-8CA8A9DD03EF}.Debug|Any CPU.ActiveCfg = Debug|Any CPU
		{465AFAAD-69AF-4571-AC68-8CA8A9DD03EF}.Debug|Any CPU.Build.0 = Debug|Any CPU
		{465AFAAD-69AF-4571-AC68-8CA8A9DD03EF}.Release|Any CPU.ActiveCfg = Release|Any CPU
		{465AFAAD-69AF-4571-AC68-8CA8A9DD03EF}.Release|Any CPU.Build.0 = Release|Any CPU
	EndGlobalSection
	GlobalSection(SolutionProperties) = preSolution
		HideSolutionNode = FALSE
	EndGlobalSection
	GlobalSection(ExtensibilityGlobals) = postSolution
		SolutionGuid = {C6834647-60C7-46CD-8967-6723AB2B52ED}
	EndGlobalSection
EndGlobal
