
Microsoft Visual Studio Solution File, Format Version 12.00
# Visual Studio Version 17
VisualStudioVersion = 17.3.32804.467
MinimumVisualStudioVersion = 10.0.40219.1
Project("{FAE04EC0-301F-11D3-BF4B-00C04F79EFBC}") = "PerusjuttujaListanKanssa", "PerusjuttujaListanKanssa\PerusjuttujaListanKanssa.csproj", "{900D7317-F8A7-4E94-B31C-4648D0271654}"
EndProject
Global
	GlobalSection(SolutionConfigurationPlatforms) = preSolution
		Debug|Any CPU = Debug|Any CPU
		Release|Any CPU = Release|Any CPU
	EndGlobalSection
	GlobalSection(ProjectConfigurationPlatforms) = postSolution
		{900D7317-F8A7-4E94-B31C-4648D0271654}.Debug|Any CPU.ActiveCfg = Debug|Any CPU
		{900D7317-F8A7-4E94-B31C-4648D0271654}.Debug|Any CPU.Build.0 = Debug|Any CPU
		{900D7317-F8A7-4E94-B31C-4648D0271654}.Release|Any CPU.ActiveCfg = Release|Any CPU
		{900D7317-F8A7-4E94-B31C-4648D0271654}.Release|Any CPU.Build.0 = Release|Any CPU
	EndGlobalSection
	GlobalSection(SolutionProperties) = preSolution
		HideSolutionNode = FALSE
	EndGlobalSection
	GlobalSection(ExtensibilityGlobals) = postSolution
		SolutionGuid = {69B46643-C7DD-4048-BA80-E7775D4916A6}
	EndGlobalSection
EndGlobal
