
Microsoft Visual Studio Solution File, Format Version 12.00
# Visual Studio Version 17
VisualStudioVersion = 17.3.32804.467
MinimumVisualStudioVersion = 10.0.40219.1
Project("{FAE04EC0-301F-11D3-BF4B-00C04F79EFBC}") = "Kps_Viimeistelty", "Kps_Viimeistelty\Kps_Viimeistelty.csproj", "{86277D19-A865-4A43-BC6C-7793A7738B83}"
EndProject
Global
	GlobalSection(SolutionConfigurationPlatforms) = preSolution
		Debug|Any CPU = Debug|Any CPU
		Release|Any CPU = Release|Any CPU
	EndGlobalSection
	GlobalSection(ProjectConfigurationPlatforms) = postSolution
		{86277D19-A865-4A43-BC6C-7793A7738B83}.Debug|Any CPU.ActiveCfg = Debug|Any CPU
		{86277D19-A865-4A43-BC6C-7793A7738B83}.Debug|Any CPU.Build.0 = Debug|Any CPU
		{86277D19-A865-4A43-BC6C-7793A7738B83}.Release|Any CPU.ActiveCfg = Release|Any CPU
		{86277D19-A865-4A43-BC6C-7793A7738B83}.Release|Any CPU.Build.0 = Release|Any CPU
	EndGlobalSection
	GlobalSection(SolutionProperties) = preSolution
		HideSolutionNode = FALSE
	EndGlobalSection
	GlobalSection(ExtensibilityGlobals) = postSolution
		SolutionGuid = {44240467-48AE-4880-9FFC-4168D5DA8828}
	EndGlobalSection
EndGlobal
